
Microsoft Visual Studio Solution File, Format Version 12.00
# Visual Studio 15
VisualStudioVersion = 15.0.28307.489
MinimumVisualStudioVersion = 10.0.40219.1
Project("{FAE04EC0-301F-11D3-BF4B-00C04F79EFBC}") = "Teacher", "Teacher\Teacher.csproj", "{8140C0C3-8226-4390-8B55-D155064F9065}"
EndProject
Project("{FAE04EC0-301F-11D3-BF4B-00C04F79EFBC}") = "Student", "Student\Student.csproj", "{B7C6A521-646E-4F22-A01D-075D7BCDBB06}"
EndProject
Project("{FAE04EC0-301F-11D3-BF4B-00C04F79EFBC}") = "BLL", "BLL\BLL.csproj", "{8B5D3537-18C8-486A-AAC4-B29A951CA6B6}"
EndProject
Project("{FAE04EC0-301F-11D3-BF4B-00C04F79EFBC}") = "DBCreate", "DBCreate\DBCreate.csproj", "{52841045-E8C9-402B-9383-1EB0745B24E8}"
EndProject
Project("{FAE04EC0-301F-11D3-BF4B-00C04F79EFBC}") = "ConfigDB", "ConfigDB\ConfigDB.csproj", "{4E46B200-2887-4445-8232-F9811A426321}"
EndProject
Global
	GlobalSection(SolutionConfigurationPlatforms) = preSolution
		Debug|Any CPU = Debug|Any CPU
		Debug|Mixed Platforms = Debug|Mixed Platforms
		Debug|x86 = Debug|x86
		Release|Any CPU = Release|Any CPU
		Release|Mixed Platforms = Release|Mixed Platforms
		Release|x86 = Release|x86
	EndGlobalSection
	GlobalSection(ProjectConfigurationPlatforms) = postSolution
		{8140C0C3-8226-4390-8B55-D155064F9065}.Debug|Any CPU.ActiveCfg = Debug|x86
		{8140C0C3-8226-4390-8B55-D155064F9065}.Debug|Mixed Platforms.ActiveCfg = Debug|x86
		{8140C0C3-8226-4390-8B55-D155064F9065}.Debug|Mixed Platforms.Build.0 = Debug|x86
		{8140C0C3-8226-4390-8B55-D155064F9065}.Debug|x86.ActiveCfg = Debug|x86
		{8140C0C3-8226-4390-8B55-D155064F9065}.Debug|x86.Build.0 = Debug|x86
		{8140C0C3-8226-4390-8B55-D155064F9065}.Release|Any CPU.ActiveCfg = Release|x86
		{8140C0C3-8226-4390-8B55-D155064F9065}.Release|Mixed Platforms.ActiveCfg = Release|x86
		{8140C0C3-8226-4390-8B55-D155064F9065}.Release|Mixed Platforms.Build.0 = Release|x86
		{8140C0C3-8226-4390-8B55-D155064F9065}.Release|x86.ActiveCfg = Release|x86
		{8140C0C3-8226-4390-8B55-D155064F9065}.Release|x86.Build.0 = Release|x86
		{B7C6A521-646E-4F22-A01D-075D7BCDBB06}.Debug|Any CPU.ActiveCfg = Debug|x86
		{B7C6A521-646E-4F22-A01D-075D7BCDBB06}.Debug|Mixed Platforms.ActiveCfg = Debug|x86
		{B7C6A521-646E-4F22-A01D-075D7BCDBB06}.Debug|Mixed Platforms.Build.0 = Debug|x86
		{B7C6A521-646E-4F22-A01D-075D7BCDBB06}.Debug|x86.ActiveCfg = Debug|x86
		{B7C6A521-646E-4F22-A01D-075D7BCDBB06}.Debug|x86.Build.0 = Debug|x86
		{B7C6A521-646E-4F22-A01D-075D7BCDBB06}.Release|Any CPU.ActiveCfg = Release|x86
		{B7C6A521-646E-4F22-A01D-075D7BCDBB06}.Release|Mixed Platforms.ActiveCfg = Release|x86
		{B7C6A521-646E-4F22-A01D-075D7BCDBB06}.Release|Mixed Platforms.Build.0 = Release|x86
		{B7C6A521-646E-4F22-A01D-075D7BCDBB06}.Release|x86.ActiveCfg = Release|x86
		{B7C6A521-646E-4F22-A01D-075D7BCDBB06}.Release|x86.Build.0 = Release|x86
		{8B5D3537-18C8-486A-AAC4-B29A951CA6B6}.Debug|Any CPU.ActiveCfg = Debug|Any CPU
		{8B5D3537-18C8-486A-AAC4-B29A951CA6B6}.Debug|Any CPU.Build.0 = Debug|Any CPU
		{8B5D3537-18C8-486A-AAC4-B29A951CA6B6}.Debug|Mixed Platforms.ActiveCfg = Debug|Any CPU
		{8B5D3537-18C8-486A-AAC4-B29A951CA6B6}.Debug|Mixed Platforms.Build.0 = Debug|Any CPU
		{8B5D3537-18C8-486A-AAC4-B29A951CA6B6}.Debug|x86.ActiveCfg = Debug|Any CPU
		{8B5D3537-18C8-486A-AAC4-B29A951CA6B6}.Release|Any CPU.ActiveCfg = Release|Any CPU
		{8B5D3537-18C8-486A-AAC4-B29A951CA6B6}.Release|Any CPU.Build.0 = Release|Any CPU
		{8B5D3537-18C8-486A-AAC4-B29A951CA6B6}.Release|Mixed Platforms.ActiveCfg = Release|Any CPU
		{8B5D3537-18C8-486A-AAC4-B29A951CA6B6}.Release|Mixed Platforms.Build.0 = Release|Any CPU
		{8B5D3537-18C8-486A-AAC4-B29A951CA6B6}.Release|x86.ActiveCfg = Release|Any CPU
		{52841045-E8C9-402B-9383-1EB0745B24E8}.Debug|Any CPU.ActiveCfg = Debug|x86
		{52841045-E8C9-402B-9383-1EB0745B24E8}.Debug|Mixed Platforms.ActiveCfg = Debug|x86
		{52841045-E8C9-402B-9383-1EB0745B24E8}.Debug|Mixed Platforms.Build.0 = Debug|x86
		{52841045-E8C9-402B-9383-1EB0745B24E8}.Debug|x86.ActiveCfg = Debug|x86
		{52841045-E8C9-402B-9383-1EB0745B24E8}.Debug|x86.Build.0 = Debug|x86
		{52841045-E8C9-402B-9383-1EB0745B24E8}.Release|Any CPU.ActiveCfg = Release|x86
		{52841045-E8C9-402B-9383-1EB0745B24E8}.Release|Mixed Platforms.ActiveCfg = Release|x86
		{52841045-E8C9-402B-9383-1EB0745B24E8}.Release|Mixed Platforms.Build.0 = Release|x86
		{52841045-E8C9-402B-9383-1EB0745B24E8}.Release|x86.ActiveCfg = Release|x86
		{52841045-E8C9-402B-9383-1EB0745B24E8}.Release|x86.Build.0 = Release|x86
		{4E46B200-2887-4445-8232-F9811A426321}.Debug|Any CPU.ActiveCfg = Debug|x86
		{4E46B200-2887-4445-8232-F9811A426321}.Debug|Mixed Platforms.ActiveCfg = Debug|x86
		{4E46B200-2887-4445-8232-F9811A426321}.Debug|Mixed Platforms.Build.0 = Debug|x86
		{4E46B200-2887-4445-8232-F9811A426321}.Debug|x86.ActiveCfg = Debug|x86
		{4E46B200-2887-4445-8232-F9811A426321}.Debug|x86.Build.0 = Debug|x86
		{4E46B200-2887-4445-8232-F9811A426321}.Release|Any CPU.ActiveCfg = Release|x86
		{4E46B200-2887-4445-8232-F9811A426321}.Release|Mixed Platforms.ActiveCfg = Release|x86
		{4E46B200-2887-4445-8232-F9811A426321}.Release|Mixed Platforms.Build.0 = Release|x86
		{4E46B200-2887-4445-8232-F9811A426321}.Release|x86.ActiveCfg = Release|x86
		{4E46B200-2887-4445-8232-F9811A426321}.Release|x86.Build.0 = Release|x86
	EndGlobalSection
	GlobalSection(SolutionProperties) = preSolution
		HideSolutionNode = FALSE
	EndGlobalSection
	GlobalSection(ExtensibilityGlobals) = postSolution
		SolutionGuid = {30FE1A41-36D0-46DE-8663-2EA16A84BB5A}
	EndGlobalSection
EndGlobal
